
Microsoft Visual Studio Solution File, Format Version 12.00
# Visual Studio 15
Project("{FAE04EC0-301F-11D3-BF4B-00C04F79EFBC}") = "Assembly-CSharp", "Assembly-CSharp.csproj", "{E72D9716-565A-EF79-15A5-E7A8C41DBF36}"
EndProject
Project("{FAE04EC0-301F-11D3-BF4B-00C04F79EFBC}") = "CW.Common", "CW.Common.csproj", "{0D9CDB25-0230-7C29-310A-C8DBB29E44FD}"
EndProject
Project("{FAE04EC0-301F-11D3-BF4B-00C04F79EFBC}") = "Agava.YandexGames.Samples.Playtesting", "Agava.YandexGames.Samples.Playtesting.csproj", "{DF328CBB-CFE5-519F-B59E-D1CBC5B99B33}"
EndProject
Project("{FAE04EC0-301F-11D3-BF4B-00C04F79EFBC}") = "Agava.VKGames.Samples.Playtesting", "Agava.VKGames.Samples.Playtesting.csproj", "{C2F91C1E-BF79-7339-2B0E-8FAEA196D2E3}"
EndProject
Project("{FAE04EC0-301F-11D3-BF4B-00C04F79EFBC}") = "LeanLocalizationEditor", "LeanLocalizationEditor.csproj", "{05508777-2A64-A972-33AE-CB38D19F36F9}"
EndProject
Project("{FAE04EC0-301F-11D3-BF4B-00C04F79EFBC}") = "LeanTouch", "LeanTouch.csproj", "{5E850675-0F71-11DB-01E2-79396E73DF2F}"
EndProject
Project("{FAE04EC0-301F-11D3-BF4B-00C04F79EFBC}") = "Boxophobic.Utils.Scripts", "Boxophobic.Utils.Scripts.csproj", "{48A5C4FF-781A-CD6B-0A56-CB7E0BEDA661}"
EndProject
Project("{FAE04EC0-301F-11D3-BF4B-00C04F79EFBC}") = "LeanLocalization", "LeanLocalization.csproj", "{668962E2-191B-0A3D-B5F2-B286D9DF2FC6}"
EndProject
Project("{FAE04EC0-301F-11D3-BF4B-00C04F79EFBC}") = "LeanCommon", "LeanCommon.csproj", "{E45204B2-0C3C-87B7-E167-D940B5E40329}"
EndProject
Project("{FAE04EC0-301F-11D3-BF4B-00C04F79EFBC}") = "LeanLocalization.TMP", "LeanLocalization.TMP.csproj", "{0AEBE755-5022-A991-0EA8-8BA33DA83125}"
EndProject
Project("{FAE04EC0-301F-11D3-BF4B-00C04F79EFBC}") = "Assembly-CSharp-firstpass", "Assembly-CSharp-firstpass.csproj", "{97C617C0-3A97-7317-8704-D8D6AAB39364}"
EndProject
Project("{FAE04EC0-301F-11D3-BF4B-00C04F79EFBC}") = "Boxophobic.Utils.Editor", "Boxophobic.Utils.Editor.csproj", "{42475A3C-1165-D861-29D9-7BE105FFD5EC}"
EndProject
Project("{FAE04EC0-301F-11D3-BF4B-00C04F79EFBC}") = "Boxophobic.SkyboxCubemapExtended.Editor", "Boxophobic.SkyboxCubemapExtended.Editor.csproj", "{0264FDAF-27D1-73D2-DB6C-111AA0C0DB8A}"
EndProject
Global
	GlobalSection(SolutionConfigurationPlatforms) = preSolution
		Debug|Any CPU = Debug|Any CPU
		Release|Any CPU = Release|Any CPU
	EndGlobalSection
	GlobalSection(ProjectConfigurationPlatforms) = postSolution
		{E72D9716-565A-EF79-15A5-E7A8C41DBF36}.Debug|Any CPU.ActiveCfg = Debug|Any CPU
		{E72D9716-565A-EF79-15A5-E7A8C41DBF36}.Debug|Any CPU.Build.0 = Debug|Any CPU
		{E72D9716-565A-EF79-15A5-E7A8C41DBF36}.Release|Any CPU.ActiveCfg = Release|Any CPU
		{E72D9716-565A-EF79-15A5-E7A8C41DBF36}.Release|Any CPU.Build.0 = Release|Any CPU
		{0D9CDB25-0230-7C29-310A-C8DBB29E44FD}.Debug|Any CPU.ActiveCfg = Debug|Any CPU
		{0D9CDB25-0230-7C29-310A-C8DBB29E44FD}.Debug|Any CPU.Build.0 = Debug|Any CPU
		{0D9CDB25-0230-7C29-310A-C8DBB29E44FD}.Release|Any CPU.ActiveCfg = Release|Any CPU
		{0D9CDB25-0230-7C29-310A-C8DBB29E44FD}.Release|Any CPU.Build.0 = Release|Any CPU
		{DF328CBB-CFE5-519F-B59E-D1CBC5B99B33}.Debug|Any CPU.ActiveCfg = Debug|Any CPU
		{DF328CBB-CFE5-519F-B59E-D1CBC5B99B33}.Debug|Any CPU.Build.0 = Debug|Any CPU
		{DF328CBB-CFE5-519F-B59E-D1CBC5B99B33}.Release|Any CPU.ActiveCfg = Release|Any CPU
		{DF328CBB-CFE5-519F-B59E-D1CBC5B99B33}.Release|Any CPU.Build.0 = Release|Any CPU
		{C2F91C1E-BF79-7339-2B0E-8FAEA196D2E3}.Debug|Any CPU.ActiveCfg = Debug|Any CPU
		{C2F91C1E-BF79-7339-2B0E-8FAEA196D2E3}.Debug|Any CPU.Build.0 = Debug|Any CPU
		{C2F91C1E-BF79-7339-2B0E-8FAEA196D2E3}.Release|Any CPU.ActiveCfg = Release|Any CPU
		{C2F91C1E-BF79-7339-2B0E-8FAEA196D2E3}.Release|Any CPU.Build.0 = Release|Any CPU
		{05508777-2A64-A972-33AE-CB38D19F36F9}.Debug|Any CPU.ActiveCfg = Debug|Any CPU
		{05508777-2A64-A972-33AE-CB38D19F36F9}.Debug|Any CPU.Build.0 = Debug|Any CPU
		{05508777-2A64-A972-33AE-CB38D19F36F9}.Release|Any CPU.ActiveCfg = Release|Any CPU
		{05508777-2A64-A972-33AE-CB38D19F36F9}.Release|Any CPU.Build.0 = Release|Any CPU
		{5E850675-0F71-11DB-01E2-79396E73DF2F}.Debug|Any CPU.ActiveCfg = Debug|Any CPU
		{5E850675-0F71-11DB-01E2-79396E73DF2F}.Debug|Any CPU.Build.0 = Debug|Any CPU
		{5E850675-0F71-11DB-01E2-79396E73DF2F}.Release|Any CPU.ActiveCfg = Release|Any CPU
		{5E850675-0F71-11DB-01E2-79396E73DF2F}.Release|Any CPU.Build.0 = Release|Any CPU
		{48A5C4FF-781A-CD6B-0A56-CB7E0BEDA661}.Debug|Any CPU.ActiveCfg = Debug|Any CPU
		{48A5C4FF-781A-CD6B-0A56-CB7E0BEDA661}.Debug|Any CPU.Build.0 = Debug|Any CPU
		{48A5C4FF-781A-CD6B-0A56-CB7E0BEDA661}.Release|Any CPU.ActiveCfg = Release|Any CPU
		{48A5C4FF-781A-CD6B-0A56-CB7E0BEDA661}.Release|Any CPU.Build.0 = Release|Any CPU
		{668962E2-191B-0A3D-B5F2-B286D9DF2FC6}.Debug|Any CPU.ActiveCfg = Debug|Any CPU
		{668962E2-191B-0A3D-B5F2-B286D9DF2FC6}.Debug|Any CPU.Build.0 = Debug|Any CPU
		{668962E2-191B-0A3D-B5F2-B286D9DF2FC6}.Release|Any CPU.ActiveCfg = Release|Any CPU
		{668962E2-191B-0A3D-B5F2-B286D9DF2FC6}.Release|Any CPU.Build.0 = Release|Any CPU
		{E45204B2-0C3C-87B7-E167-D940B5E40329}.Debug|Any CPU.ActiveCfg = Debug|Any CPU
		{E45204B2-0C3C-87B7-E167-D940B5E40329}.Debug|Any CPU.Build.0 = Debug|Any CPU
		{E45204B2-0C3C-87B7-E167-D940B5E40329}.Release|Any CPU.ActiveCfg = Release|Any CPU
		{E45204B2-0C3C-87B7-E167-D940B5E40329}.Release|Any CPU.Build.0 = Release|Any CPU
		{0AEBE755-5022-A991-0EA8-8BA33DA83125}.Debug|Any CPU.ActiveCfg = Debug|Any CPU
		{0AEBE755-5022-A991-0EA8-8BA33DA83125}.Debug|Any CPU.Build.0 = Debug|Any CPU
		{0AEBE755-5022-A991-0EA8-8BA33DA83125}.Release|Any CPU.ActiveCfg = Release|Any CPU
		{0AEBE755-5022-A991-0EA8-8BA33DA83125}.Release|Any CPU.Build.0 = Release|Any CPU
		{97C617C0-3A97-7317-8704-D8D6AAB39364}.Debug|Any CPU.ActiveCfg = Debug|Any CPU
		{97C617C0-3A97-7317-8704-D8D6AAB39364}.Debug|Any CPU.Build.0 = Debug|Any CPU
		{97C617C0-3A97-7317-8704-D8D6AAB39364}.Release|Any CPU.ActiveCfg = Release|Any CPU
		{97C617C0-3A97-7317-8704-D8D6AAB39364}.Release|Any CPU.Build.0 = Release|Any CPU
		{42475A3C-1165-D861-29D9-7BE105FFD5EC}.Debug|Any CPU.ActiveCfg = Debug|Any CPU
		{42475A3C-1165-D861-29D9-7BE105FFD5EC}.Debug|Any CPU.Build.0 = Debug|Any CPU
		{42475A3C-1165-D861-29D9-7BE105FFD5EC}.Release|Any CPU.ActiveCfg = Release|Any CPU
		{42475A3C-1165-D861-29D9-7BE105FFD5EC}.Release|Any CPU.Build.0 = Release|Any CPU
		{0264FDAF-27D1-73D2-DB6C-111AA0C0DB8A}.Debug|Any CPU.ActiveCfg = Debug|Any CPU
		{0264FDAF-27D1-73D2-DB6C-111AA0C0DB8A}.Debug|Any CPU.Build.0 = Debug|Any CPU
		{0264FDAF-27D1-73D2-DB6C-111AA0C0DB8A}.Release|Any CPU.ActiveCfg = Release|Any CPU
		{0264FDAF-27D1-73D2-DB6C-111AA0C0DB8A}.Release|Any CPU.Build.0 = Release|Any CPU
	EndGlobalSection
	GlobalSection(SolutionProperties) = preSolution
		HideSolutionNode = FALSE
	EndGlobalSection
EndGlobal
