
Microsoft Visual Studio Solution File, Format Version 12.00
# Visual Studio 15
Project("{FAE04EC0-301F-11D3-BF4B-00C04F79EFBC}") = "Assembly-CSharp", "Assembly-CSharp.csproj", "{E72D9716-565A-EF79-15A5-E7A8C41DBF36}"
EndProject
Project("{FAE04EC0-301F-11D3-BF4B-00C04F79EFBC}") = "Agava.YandexGames.Samples.Playtesting", "Agava.YandexGames.Samples.Playtesting.csproj", "{DF328CBB-CFE5-519F-B59E-D1CBC5B99B33}"
EndProject
Project("{FAE04EC0-301F-11D3-BF4B-00C04F79EFBC}") = "CW.Common", "CW.Common.csproj", "{0D9CDB25-0230-7C29-310A-C8DBB29E44FD}"
EndProject
Project("{FAE04EC0-301F-11D3-BF4B-00C04F79EFBC}") = "LeanTouch", "LeanTouch.csproj", "{5E850675-0F71-11DB-01E2-79396E73DF2F}"
EndProject
Project("{FAE04EC0-301F-11D3-BF4B-00C04F79EFBC}") = "LeanCommon", "LeanCommon.csproj", "{E45204B2-0C3C-87B7-E167-D940B5E40329}"
EndProject
Project("{FAE04EC0-301F-11D3-BF4B-00C04F79EFBC}") = "Assembly-CSharp-firstpass", "Assembly-CSharp-firstpass.csproj", "{97C617C0-3A97-7317-8704-D8D6AAB39364}"
EndProject
Global
	GlobalSection(SolutionConfigurationPlatforms) = preSolution
		Debug|Any CPU = Debug|Any CPU
		Release|Any CPU = Release|Any CPU
	EndGlobalSection
	GlobalSection(ProjectConfigurationPlatforms) = postSolution
		{E72D9716-565A-EF79-15A5-E7A8C41DBF36}.Debug|Any CPU.ActiveCfg = Debug|Any CPU
		{E72D9716-565A-EF79-15A5-E7A8C41DBF36}.Debug|Any CPU.Build.0 = Debug|Any CPU
		{E72D9716-565A-EF79-15A5-E7A8C41DBF36}.Release|Any CPU.ActiveCfg = Release|Any CPU
		{E72D9716-565A-EF79-15A5-E7A8C41DBF36}.Release|Any CPU.Build.0 = Release|Any CPU
		{DF328CBB-CFE5-519F-B59E-D1CBC5B99B33}.Debug|Any CPU.ActiveCfg = Debug|Any CPU
		{DF328CBB-CFE5-519F-B59E-D1CBC5B99B33}.Debug|Any CPU.Build.0 = Debug|Any CPU
		{DF328CBB-CFE5-519F-B59E-D1CBC5B99B33}.Release|Any CPU.ActiveCfg = Release|Any CPU
		{DF328CBB-CFE5-519F-B59E-D1CBC5B99B33}.Release|Any CPU.Build.0 = Release|Any CPU
		{0D9CDB25-0230-7C29-310A-C8DBB29E44FD}.Debug|Any CPU.ActiveCfg = Debug|Any CPU
		{0D9CDB25-0230-7C29-310A-C8DBB29E44FD}.Debug|Any CPU.Build.0 = Debug|Any CPU
		{0D9CDB25-0230-7C29-310A-C8DBB29E44FD}.Release|Any CPU.ActiveCfg = Release|Any CPU
		{0D9CDB25-0230-7C29-310A-C8DBB29E44FD}.Release|Any CPU.Build.0 = Release|Any CPU
		{5E850675-0F71-11DB-01E2-79396E73DF2F}.Debug|Any CPU.ActiveCfg = Debug|Any CPU
		{5E850675-0F71-11DB-01E2-79396E73DF2F}.Debug|Any CPU.Build.0 = Debug|Any CPU
		{5E850675-0F71-11DB-01E2-79396E73DF2F}.Release|Any CPU.ActiveCfg = Release|Any CPU
		{5E850675-0F71-11DB-01E2-79396E73DF2F}.Release|Any CPU.Build.0 = Release|Any CPU
		{E45204B2-0C3C-87B7-E167-D940B5E40329}.Debug|Any CPU.ActiveCfg = Debug|Any CPU
		{E45204B2-0C3C-87B7-E167-D940B5E40329}.Debug|Any CPU.Build.0 = Debug|Any CPU
		{E45204B2-0C3C-87B7-E167-D940B5E40329}.Release|Any CPU.ActiveCfg = Release|Any CPU
		{E45204B2-0C3C-87B7-E167-D940B5E40329}.Release|Any CPU.Build.0 = Release|Any CPU
		{97C617C0-3A97-7317-8704-D8D6AAB39364}.Debug|Any CPU.ActiveCfg = Debug|Any CPU
		{97C617C0-3A97-7317-8704-D8D6AAB39364}.Debug|Any CPU.Build.0 = Debug|Any CPU
		{97C617C0-3A97-7317-8704-D8D6AAB39364}.Release|Any CPU.ActiveCfg = Release|Any CPU
		{97C617C0-3A97-7317-8704-D8D6AAB39364}.Release|Any CPU.Build.0 = Release|Any CPU
	EndGlobalSection
	GlobalSection(SolutionProperties) = preSolution
		HideSolutionNode = FALSE
	EndGlobalSection
EndGlobal
